
Microsoft Visual Studio Solution File, Format Version 12.00
# Visual Studio Version 17
VisualStudioVersion = 17.14.36414.22
MinimumVisualStudioVersion = 10.0.40219.1
Project("{FAE04EC0-301F-11D3-BF4B-00C04F79EFBC}") = "Metric Scope", "Metric Scope.csproj", "{7EC1BF22-8E86-4CAF-AFF9-2D8359501D34}"
EndProject
Project("{FAE04EC0-301F-11D3-BF4B-00C04F79EFBC}") = "TestApp", "..\TestApp\TestApp.csproj", "{671B91A3-4462-4AFF-8182-FDA9EF2A15FB}"
EndProject
Project("{FAE04EC0-301F-11D3-BF4B-00C04F79EFBC}") = "Test2", "..\Test2\Test2.csproj", "{61F7E3DB-AD70-4885-AFC6-F4BB61F1CE34}"
EndProject
Project("{FAE04EC0-301F-11D3-BF4B-00C04F79EFBC}") = "ArduinoLedGui", "..\ArduinoLedGui\ArduinoLedGui.csproj", "{497C97F7-EF86-4FFC-809A-291E8B4544B0}"
EndProject
Project("{FAE04EC0-301F-11D3-BF4B-00C04F79EFBC}") = "PrintingTestApp", "..\PrintingTestApp\PrintingTestApp.csproj", "{365F8AAB-9334-44FB-9202-E76229C296A8}"
EndProject
Project("{FAE04EC0-301F-11D3-BF4B-00C04F79EFBC}") = "restarter", "..\restarter\restarter.csproj", "{731A62ED-B5B4-4E12-9CB5-6BE456548C95}"
EndProject
Project("{FAE04EC0-301F-11D3-BF4B-00C04F79EFBC}") = "FilterInclusion", "..\FilterInclusion\FilterInclusion.csproj", "{F64F21C2-23B3-4F39-868B-E537E6AD7D3A}"
EndProject
Project("{FAE04EC0-301F-11D3-BF4B-00C04F79EFBC}") = "Decryptor", "..\Decryptor\Decryptor.csproj", "{12785E10-4A39-44E2-A57C-C1E4A6EF5592}"
EndProject
Project("{FAE04EC0-301F-11D3-BF4B-00C04F79EFBC}") = "SelectAutoInclusion", "..\SelectAutoInclusion\SelectAutoInclusion.csproj", "{22BF451D-A677-42B2-908B-34E528E6D9CC}"
EndProject
Project("{FAE04EC0-301F-11D3-BF4B-00C04F79EFBC}") = "clickbutton", "..\clickbutton\clickbutton.csproj", "{6D9245C9-36C4-41E6-BB3D-70F11AC30623}"
EndProject
Project("{FAE04EC0-301F-11D3-BF4B-00C04F79EFBC}") = "SetAutoinclusion", "..\SetAutoinclusion\SetAutoinclusion.csproj", "{68A518A0-D5BE-47B1-81D0-61EAD8446063}"
EndProject
Project("{FAE04EC0-301F-11D3-BF4B-00C04F79EFBC}") = "C2A", "..\C2A\C2A.csproj", "{4F8D7998-50CA-4C91-84EE-1B73F448BB26}"
EndProject
Project("{FAE04EC0-301F-11D3-BF4B-00C04F79EFBC}") = "RemoteAutomation", "..\RemoteAutomation\RemoteAutomation.csproj", "{815DF03A-DD88-4089-9E32-8639903C0368}"
EndProject
Project("{FAE04EC0-301F-11D3-BF4B-00C04F79EFBC}") = "WaitForNext", "..\WaitForNext\WaitForNext.csproj", "{5BDEB017-A910-4635-A38A-CAF015D9A0E5}"
EndProject
Project("{FAE04EC0-301F-11D3-BF4B-00C04F79EFBC}") = "ProcessAutomation", "..\ProcessAutomation\ProcessAutomation.csproj", "{BAFB06B3-0C97-4AEC-85C7-91BB77BAAB0C}"
EndProject
Project("{FAE04EC0-301F-11D3-BF4B-00C04F79EFBC}") = "MyApp", "..\MyApp\MyApp.csproj", "{16516030-095D-4115-8AC6-68FBCDF35C27}"
EndProject
Project("{FAE04EC0-301F-11D3-BF4B-00C04F79EFBC}") = "AUTOINC", "..\AUTOINC\AUTOINC.csproj", "{8FAE9DCF-C1FE-4B5C-9C7C-D02864A36D0F}"
EndProject
Global
	GlobalSection(SolutionConfigurationPlatforms) = preSolution
		Debug|Any CPU = Debug|Any CPU
		Debug|x64 = Debug|x64
		Release|Any CPU = Release|Any CPU
		Release|x64 = Release|x64
	EndGlobalSection
	GlobalSection(ProjectConfigurationPlatforms) = postSolution
		{7EC1BF22-8E86-4CAF-AFF9-2D8359501D34}.Debug|Any CPU.ActiveCfg = Debug|Any CPU
		{7EC1BF22-8E86-4CAF-AFF9-2D8359501D34}.Debug|Any CPU.Build.0 = Debug|Any CPU
		{7EC1BF22-8E86-4CAF-AFF9-2D8359501D34}.Debug|x64.ActiveCfg = Debug|x64
		{7EC1BF22-8E86-4CAF-AFF9-2D8359501D34}.Debug|x64.Build.0 = Debug|x64
		{7EC1BF22-8E86-4CAF-AFF9-2D8359501D34}.Release|Any CPU.ActiveCfg = Release|Any CPU
		{7EC1BF22-8E86-4CAF-AFF9-2D8359501D34}.Release|Any CPU.Build.0 = Release|Any CPU
		{7EC1BF22-8E86-4CAF-AFF9-2D8359501D34}.Release|x64.ActiveCfg = Release|x64
		{7EC1BF22-8E86-4CAF-AFF9-2D8359501D34}.Release|x64.Build.0 = Release|x64
		{671B91A3-4462-4AFF-8182-FDA9EF2A15FB}.Debug|Any CPU.ActiveCfg = Debug|Any CPU
		{671B91A3-4462-4AFF-8182-FDA9EF2A15FB}.Debug|Any CPU.Build.0 = Debug|Any CPU
		{671B91A3-4462-4AFF-8182-FDA9EF2A15FB}.Debug|x64.ActiveCfg = Debug|Any CPU
		{671B91A3-4462-4AFF-8182-FDA9EF2A15FB}.Debug|x64.Build.0 = Debug|Any CPU
		{671B91A3-4462-4AFF-8182-FDA9EF2A15FB}.Release|Any CPU.ActiveCfg = Release|Any CPU
		{671B91A3-4462-4AFF-8182-FDA9EF2A15FB}.Release|Any CPU.Build.0 = Release|Any CPU
		{671B91A3-4462-4AFF-8182-FDA9EF2A15FB}.Release|x64.ActiveCfg = Release|Any CPU
		{671B91A3-4462-4AFF-8182-FDA9EF2A15FB}.Release|x64.Build.0 = Release|Any CPU
		{61F7E3DB-AD70-4885-AFC6-F4BB61F1CE34}.Debug|Any CPU.ActiveCfg = Debug|Any CPU
		{61F7E3DB-AD70-4885-AFC6-F4BB61F1CE34}.Debug|Any CPU.Build.0 = Debug|Any CPU
		{61F7E3DB-AD70-4885-AFC6-F4BB61F1CE34}.Debug|x64.ActiveCfg = Debug|Any CPU
		{61F7E3DB-AD70-4885-AFC6-F4BB61F1CE34}.Debug|x64.Build.0 = Debug|Any CPU
		{61F7E3DB-AD70-4885-AFC6-F4BB61F1CE34}.Release|Any CPU.ActiveCfg = Release|Any CPU
		{61F7E3DB-AD70-4885-AFC6-F4BB61F1CE34}.Release|Any CPU.Build.0 = Release|Any CPU
		{61F7E3DB-AD70-4885-AFC6-F4BB61F1CE34}.Release|x64.ActiveCfg = Release|Any CPU
		{61F7E3DB-AD70-4885-AFC6-F4BB61F1CE34}.Release|x64.Build.0 = Release|Any CPU
		{497C97F7-EF86-4FFC-809A-291E8B4544B0}.Debug|Any CPU.ActiveCfg = Debug|Any CPU
		{497C97F7-EF86-4FFC-809A-291E8B4544B0}.Debug|Any CPU.Build.0 = Debug|Any CPU
		{497C97F7-EF86-4FFC-809A-291E8B4544B0}.Debug|x64.ActiveCfg = Debug|Any CPU
		{497C97F7-EF86-4FFC-809A-291E8B4544B0}.Debug|x64.Build.0 = Debug|Any CPU
		{497C97F7-EF86-4FFC-809A-291E8B4544B0}.Release|Any CPU.ActiveCfg = Release|Any CPU
		{497C97F7-EF86-4FFC-809A-291E8B4544B0}.Release|Any CPU.Build.0 = Release|Any CPU
		{497C97F7-EF86-4FFC-809A-291E8B4544B0}.Release|x64.ActiveCfg = Release|Any CPU
		{497C97F7-EF86-4FFC-809A-291E8B4544B0}.Release|x64.Build.0 = Release|Any CPU
		{365F8AAB-9334-44FB-9202-E76229C296A8}.Debug|Any CPU.ActiveCfg = Debug|Any CPU
		{365F8AAB-9334-44FB-9202-E76229C296A8}.Debug|Any CPU.Build.0 = Debug|Any CPU
		{365F8AAB-9334-44FB-9202-E76229C296A8}.Debug|x64.ActiveCfg = Debug|Any CPU
		{365F8AAB-9334-44FB-9202-E76229C296A8}.Debug|x64.Build.0 = Debug|Any CPU
		{365F8AAB-9334-44FB-9202-E76229C296A8}.Release|Any CPU.ActiveCfg = Release|Any CPU
		{365F8AAB-9334-44FB-9202-E76229C296A8}.Release|Any CPU.Build.0 = Release|Any CPU
		{365F8AAB-9334-44FB-9202-E76229C296A8}.Release|x64.ActiveCfg = Release|Any CPU
		{365F8AAB-9334-44FB-9202-E76229C296A8}.Release|x64.Build.0 = Release|Any CPU
		{731A62ED-B5B4-4E12-9CB5-6BE456548C95}.Debug|Any CPU.ActiveCfg = Debug|Any CPU
		{731A62ED-B5B4-4E12-9CB5-6BE456548C95}.Debug|Any CPU.Build.0 = Debug|Any CPU
		{731A62ED-B5B4-4E12-9CB5-6BE456548C95}.Debug|x64.ActiveCfg = Debug|Any CPU
		{731A62ED-B5B4-4E12-9CB5-6BE456548C95}.Debug|x64.Build.0 = Debug|Any CPU
		{731A62ED-B5B4-4E12-9CB5-6BE456548C95}.Release|Any CPU.ActiveCfg = Release|Any CPU
		{731A62ED-B5B4-4E12-9CB5-6BE456548C95}.Release|Any CPU.Build.0 = Release|Any CPU
		{731A62ED-B5B4-4E12-9CB5-6BE456548C95}.Release|x64.ActiveCfg = Release|Any CPU
		{731A62ED-B5B4-4E12-9CB5-6BE456548C95}.Release|x64.Build.0 = Release|Any CPU
		{F64F21C2-23B3-4F39-868B-E537E6AD7D3A}.Debug|Any CPU.ActiveCfg = Debug|Any CPU
		{F64F21C2-23B3-4F39-868B-E537E6AD7D3A}.Debug|Any CPU.Build.0 = Debug|Any CPU
		{F64F21C2-23B3-4F39-868B-E537E6AD7D3A}.Debug|x64.ActiveCfg = Debug|Any CPU
		{F64F21C2-23B3-4F39-868B-E537E6AD7D3A}.Debug|x64.Build.0 = Debug|Any CPU
		{F64F21C2-23B3-4F39-868B-E537E6AD7D3A}.Release|Any CPU.ActiveCfg = Release|Any CPU
		{F64F21C2-23B3-4F39-868B-E537E6AD7D3A}.Release|Any CPU.Build.0 = Release|Any CPU
		{F64F21C2-23B3-4F39-868B-E537E6AD7D3A}.Release|x64.ActiveCfg = Release|Any CPU
		{F64F21C2-23B3-4F39-868B-E537E6AD7D3A}.Release|x64.Build.0 = Release|Any CPU
		{12785E10-4A39-44E2-A57C-C1E4A6EF5592}.Debug|Any CPU.ActiveCfg = Debug|Any CPU
		{12785E10-4A39-44E2-A57C-C1E4A6EF5592}.Debug|Any CPU.Build.0 = Debug|Any CPU
		{12785E10-4A39-44E2-A57C-C1E4A6EF5592}.Debug|x64.ActiveCfg = Debug|Any CPU
		{12785E10-4A39-44E2-A57C-C1E4A6EF5592}.Debug|x64.Build.0 = Debug|Any CPU
		{12785E10-4A39-44E2-A57C-C1E4A6EF5592}.Release|Any CPU.ActiveCfg = Release|Any CPU
		{12785E10-4A39-44E2-A57C-C1E4A6EF5592}.Release|Any CPU.Build.0 = Release|Any CPU
		{12785E10-4A39-44E2-A57C-C1E4A6EF5592}.Release|x64.ActiveCfg = Release|Any CPU
		{12785E10-4A39-44E2-A57C-C1E4A6EF5592}.Release|x64.Build.0 = Release|Any CPU
		{22BF451D-A677-42B2-908B-34E528E6D9CC}.Debug|Any CPU.ActiveCfg = Debug|Any CPU
		{22BF451D-A677-42B2-908B-34E528E6D9CC}.Debug|Any CPU.Build.0 = Debug|Any CPU
		{22BF451D-A677-42B2-908B-34E528E6D9CC}.Debug|x64.ActiveCfg = Debug|Any CPU
		{22BF451D-A677-42B2-908B-34E528E6D9CC}.Debug|x64.Build.0 = Debug|Any CPU
		{22BF451D-A677-42B2-908B-34E528E6D9CC}.Release|Any CPU.ActiveCfg = Release|Any CPU
		{22BF451D-A677-42B2-908B-34E528E6D9CC}.Release|Any CPU.Build.0 = Release|Any CPU
		{22BF451D-A677-42B2-908B-34E528E6D9CC}.Release|x64.ActiveCfg = Release|Any CPU
		{22BF451D-A677-42B2-908B-34E528E6D9CC}.Release|x64.Build.0 = Release|Any CPU
		{6D9245C9-36C4-41E6-BB3D-70F11AC30623}.Debug|Any CPU.ActiveCfg = Debug|Any CPU
		{6D9245C9-36C4-41E6-BB3D-70F11AC30623}.Debug|Any CPU.Build.0 = Debug|Any CPU
		{6D9245C9-36C4-41E6-BB3D-70F11AC30623}.Debug|x64.ActiveCfg = Debug|Any CPU
		{6D9245C9-36C4-41E6-BB3D-70F11AC30623}.Debug|x64.Build.0 = Debug|Any CPU
		{6D9245C9-36C4-41E6-BB3D-70F11AC30623}.Release|Any CPU.ActiveCfg = Release|Any CPU
		{6D9245C9-36C4-41E6-BB3D-70F11AC30623}.Release|Any CPU.Build.0 = Release|Any CPU
		{6D9245C9-36C4-41E6-BB3D-70F11AC30623}.Release|x64.ActiveCfg = Release|Any CPU
		{6D9245C9-36C4-41E6-BB3D-70F11AC30623}.Release|x64.Build.0 = Release|Any CPU
		{68A518A0-D5BE-47B1-81D0-61EAD8446063}.Debug|Any CPU.ActiveCfg = Debug|Any CPU
		{68A518A0-D5BE-47B1-81D0-61EAD8446063}.Debug|Any CPU.Build.0 = Debug|Any CPU
		{68A518A0-D5BE-47B1-81D0-61EAD8446063}.Debug|x64.ActiveCfg = Debug|Any CPU
		{68A518A0-D5BE-47B1-81D0-61EAD8446063}.Debug|x64.Build.0 = Debug|Any CPU
		{68A518A0-D5BE-47B1-81D0-61EAD8446063}.Release|Any CPU.ActiveCfg = Release|Any CPU
		{68A518A0-D5BE-47B1-81D0-61EAD8446063}.Release|Any CPU.Build.0 = Release|Any CPU
		{68A518A0-D5BE-47B1-81D0-61EAD8446063}.Release|x64.ActiveCfg = Release|Any CPU
		{68A518A0-D5BE-47B1-81D0-61EAD8446063}.Release|x64.Build.0 = Release|Any CPU
		{4F8D7998-50CA-4C91-84EE-1B73F448BB26}.Debug|Any CPU.ActiveCfg = Debug|Any CPU
		{4F8D7998-50CA-4C91-84EE-1B73F448BB26}.Debug|Any CPU.Build.0 = Debug|Any CPU
		{4F8D7998-50CA-4C91-84EE-1B73F448BB26}.Debug|x64.ActiveCfg = Debug|Any CPU
		{4F8D7998-50CA-4C91-84EE-1B73F448BB26}.Debug|x64.Build.0 = Debug|Any CPU
		{4F8D7998-50CA-4C91-84EE-1B73F448BB26}.Release|Any CPU.ActiveCfg = Release|Any CPU
		{4F8D7998-50CA-4C91-84EE-1B73F448BB26}.Release|Any CPU.Build.0 = Release|Any CPU
		{4F8D7998-50CA-4C91-84EE-1B73F448BB26}.Release|x64.ActiveCfg = Release|Any CPU
		{4F8D7998-50CA-4C91-84EE-1B73F448BB26}.Release|x64.Build.0 = Release|Any CPU
		{815DF03A-DD88-4089-9E32-8639903C0368}.Debug|Any CPU.ActiveCfg = Debug|Any CPU
		{815DF03A-DD88-4089-9E32-8639903C0368}.Debug|Any CPU.Build.0 = Debug|Any CPU
		{815DF03A-DD88-4089-9E32-8639903C0368}.Debug|x64.ActiveCfg = Debug|Any CPU
		{815DF03A-DD88-4089-9E32-8639903C0368}.Debug|x64.Build.0 = Debug|Any CPU
		{815DF03A-DD88-4089-9E32-8639903C0368}.Release|Any CPU.ActiveCfg = Release|Any CPU
		{815DF03A-DD88-4089-9E32-8639903C0368}.Release|Any CPU.Build.0 = Release|Any CPU
		{815DF03A-DD88-4089-9E32-8639903C0368}.Release|x64.ActiveCfg = Release|Any CPU
		{815DF03A-DD88-4089-9E32-8639903C0368}.Release|x64.Build.0 = Release|Any CPU
		{5BDEB017-A910-4635-A38A-CAF015D9A0E5}.Debug|Any CPU.ActiveCfg = Debug|Any CPU
		{5BDEB017-A910-4635-A38A-CAF015D9A0E5}.Debug|Any CPU.Build.0 = Debug|Any CPU
		{5BDEB017-A910-4635-A38A-CAF015D9A0E5}.Debug|x64.ActiveCfg = Debug|Any CPU
		{5BDEB017-A910-4635-A38A-CAF015D9A0E5}.Debug|x64.Build.0 = Debug|Any CPU
		{5BDEB017-A910-4635-A38A-CAF015D9A0E5}.Release|Any CPU.ActiveCfg = Release|Any CPU
		{5BDEB017-A910-4635-A38A-CAF015D9A0E5}.Release|Any CPU.Build.0 = Release|Any CPU
		{5BDEB017-A910-4635-A38A-CAF015D9A0E5}.Release|x64.ActiveCfg = Release|Any CPU
		{5BDEB017-A910-4635-A38A-CAF015D9A0E5}.Release|x64.Build.0 = Release|Any CPU
		{BAFB06B3-0C97-4AEC-85C7-91BB77BAAB0C}.Debug|Any CPU.ActiveCfg = Debug|Any CPU
		{BAFB06B3-0C97-4AEC-85C7-91BB77BAAB0C}.Debug|Any CPU.Build.0 = Debug|Any CPU
		{BAFB06B3-0C97-4AEC-85C7-91BB77BAAB0C}.Debug|x64.ActiveCfg = Debug|Any CPU
		{BAFB06B3-0C97-4AEC-85C7-91BB77BAAB0C}.Debug|x64.Build.0 = Debug|Any CPU
		{BAFB06B3-0C97-4AEC-85C7-91BB77BAAB0C}.Release|Any CPU.ActiveCfg = Release|Any CPU
		{BAFB06B3-0C97-4AEC-85C7-91BB77BAAB0C}.Release|Any CPU.Build.0 = Release|Any CPU
		{BAFB06B3-0C97-4AEC-85C7-91BB77BAAB0C}.Release|x64.ActiveCfg = Release|Any CPU
		{BAFB06B3-0C97-4AEC-85C7-91BB77BAAB0C}.Release|x64.Build.0 = Release|Any CPU
		{16516030-095D-4115-8AC6-68FBCDF35C27}.Debug|Any CPU.ActiveCfg = Debug|Any CPU
		{16516030-095D-4115-8AC6-68FBCDF35C27}.Debug|Any CPU.Build.0 = Debug|Any CPU
		{16516030-095D-4115-8AC6-68FBCDF35C27}.Debug|x64.ActiveCfg = Debug|Any CPU
		{16516030-095D-4115-8AC6-68FBCDF35C27}.Debug|x64.Build.0 = Debug|Any CPU
		{16516030-095D-4115-8AC6-68FBCDF35C27}.Release|Any CPU.ActiveCfg = Release|Any CPU
		{16516030-095D-4115-8AC6-68FBCDF35C27}.Release|Any CPU.Build.0 = Release|Any CPU
		{16516030-095D-4115-8AC6-68FBCDF35C27}.Release|x64.ActiveCfg = Release|Any CPU
		{16516030-095D-4115-8AC6-68FBCDF35C27}.Release|x64.Build.0 = Release|Any CPU
		{8FAE9DCF-C1FE-4B5C-9C7C-D02864A36D0F}.Debug|Any CPU.ActiveCfg = Debug|Any CPU
		{8FAE9DCF-C1FE-4B5C-9C7C-D02864A36D0F}.Debug|Any CPU.Build.0 = Debug|Any CPU
		{8FAE9DCF-C1FE-4B5C-9C7C-D02864A36D0F}.Debug|x64.ActiveCfg = Debug|Any CPU
		{8FAE9DCF-C1FE-4B5C-9C7C-D02864A36D0F}.Debug|x64.Build.0 = Debug|Any CPU
		{8FAE9DCF-C1FE-4B5C-9C7C-D02864A36D0F}.Release|Any CPU.ActiveCfg = Release|Any CPU
		{8FAE9DCF-C1FE-4B5C-9C7C-D02864A36D0F}.Release|Any CPU.Build.0 = Release|Any CPU
		{8FAE9DCF-C1FE-4B5C-9C7C-D02864A36D0F}.Release|x64.ActiveCfg = Release|Any CPU
		{8FAE9DCF-C1FE-4B5C-9C7C-D02864A36D0F}.Release|x64.Build.0 = Release|Any CPU
	EndGlobalSection
	GlobalSection(SolutionProperties) = preSolution
		HideSolutionNode = FALSE
	EndGlobalSection
	GlobalSection(ExtensibilityGlobals) = postSolution
		SolutionGuid = {5CB801A4-0F6F-4542-A34E-E54646DE5DD0}
	EndGlobalSection
EndGlobal
